Microsoft Visual Studio Solution File, Format Version 12.00
# Visual Studio Version 17
VisualStudioVersion = 17.5.2.0
MinimumVisualStudioVersion = 10.0.40219.1
Project("{FAE04EC0-301F-11D3-BF4B-00C04F79EFBC}") = "LinkedInJobScraper", "LinkedInJobScraper.csproj", "{950FF0FE-1BAB-43C7-6FAA-86D603D67507}"
EndProject
Global
	GlobalSection(SolutionConfigurationPlatforms) = preSolution
		Debug|Any CPU = Debug|Any CPU
		Release|Any CPU = Release|Any CPU
	EndGlobalSection
	GlobalSection(ProjectConfigurationPlatforms) = postSolution
		{950FF0FE-1BAB-43C7-6FAA-86D603D67507}.Debug|Any CPU.ActiveCfg = Debug|Any CPU
		{950FF0FE-1BAB-43C7-6FAA-86D603D67507}.Debug|Any CPU.Build.0 = Debug|Any CPU
		{950FF0FE-1BAB-43C7-6FAA-86D603D67507}.Release|Any CPU.ActiveCfg = Release|Any CPU
		{950FF0FE-1BAB-43C7-6FAA-86D603D67507}.Release|Any CPU.Build.0 = Release|Any CPU
	EndGlobalSection
	GlobalSection(SolutionProperties) = preSolution
		HideSolutionNode = FALSE
	EndGlobalSection
	GlobalSection(ExtensibilityGlobals) = postSolution
		SolutionGuid = {86EAC7CE-7B55-4AFA-A6B8-AD0C7A824A9E}
	EndGlobalSection
EndGlobal
